
Microsoft Visual Studio Solution File, Format Version 12.00
# Visual Studio Version 16
VisualStudioVersion = 16.0.31229.75
MinimumVisualStudioVersion = 10.0.40219.1
Project("{9A19103F-16F7-4668-BE54-9A1E7A4F7556}") = "BM_ConsoleUI", "BM_ConsoleUI\BM_ConsoleUI.csproj", "{F5CF12FE-959F-4C19-A12A-927EB9D8DD0E}"
EndProject
Project("{9A19103F-16F7-4668-BE54-9A1E7A4F7556}") = "BM_ConsoleUI.Tests", "BM_ConsoleUI.Tests\BM_ConsoleUI.Tests.csproj", "{D17DBA00-D1FD-443B-A29D-7BF8B88E0BA4}"
EndProject
Project("{9A19103F-16F7-4668-BE54-9A1E7A4F7556}") = "BeeManagerLibrary", "BeeManagerLibrary\BeeManagerLibrary.csproj", "{A5D05E15-C0DF-41AE-8CB3-D929357892BC}"
EndProject
Project("{FAE04EC0-301F-11D3-BF4B-00C04F79EFBC}") = "BeeManagerMVC", "BeeManagerMVC\BeeManagerMVC.csproj", "{447F78C6-C306-4464-B3CA-2F7D3DE1DFF3}"
EndProject
Global
	GlobalSection(SolutionConfigurationPlatforms) = preSolution
		Debug|Any CPU = Debug|Any CPU
		Release|Any CPU = Release|Any CPU
	EndGlobalSection
	GlobalSection(ProjectConfigurationPlatforms) = postSolution
		{F5CF12FE-959F-4C19-A12A-927EB9D8DD0E}.Debug|Any CPU.ActiveCfg = Debug|Any CPU
		{F5CF12FE-959F-4C19-A12A-927EB9D8DD0E}.Debug|Any CPU.Build.0 = Debug|Any CPU
		{F5CF12FE-959F-4C19-A12A-927EB9D8DD0E}.Release|Any CPU.ActiveCfg = Release|Any CPU
		{F5CF12FE-959F-4C19-A12A-927EB9D8DD0E}.Release|Any CPU.Build.0 = Release|Any CPU
		{D17DBA00-D1FD-443B-A29D-7BF8B88E0BA4}.Debug|Any CPU.ActiveCfg = Debug|Any CPU
		{D17DBA00-D1FD-443B-A29D-7BF8B88E0BA4}.Debug|Any CPU.Build.0 = Debug|Any CPU
		{D17DBA00-D1FD-443B-A29D-7BF8B88E0BA4}.Release|Any CPU.ActiveCfg = Release|Any CPU
		{D17DBA00-D1FD-443B-A29D-7BF8B88E0BA4}.Release|Any CPU.Build.0 = Release|Any CPU
		{A5D05E15-C0DF-41AE-8CB3-D929357892BC}.Debug|Any CPU.ActiveCfg = Debug|Any CPU
		{A5D05E15-C0DF-41AE-8CB3-D929357892BC}.Debug|Any CPU.Build.0 = Debug|Any CPU
		{A5D05E15-C0DF-41AE-8CB3-D929357892BC}.Release|Any CPU.ActiveCfg = Release|Any CPU
		{A5D05E15-C0DF-41AE-8CB3-D929357892BC}.Release|Any CPU.Build.0 = Release|Any CPU
		{447F78C6-C306-4464-B3CA-2F7D3DE1DFF3}.Debug|Any CPU.ActiveCfg = Debug|Any CPU
		{447F78C6-C306-4464-B3CA-2F7D3DE1DFF3}.Debug|Any CPU.Build.0 = Debug|Any CPU
		{447F78C6-C306-4464-B3CA-2F7D3DE1DFF3}.Release|Any CPU.ActiveCfg = Release|Any CPU
		{447F78C6-C306-4464-B3CA-2F7D3DE1DFF3}.Release|Any CPU.Build.0 = Release|Any CPU
	EndGlobalSection
	GlobalSection(SolutionProperties) = preSolution
		HideSolutionNode = FALSE
	EndGlobalSection
	GlobalSection(ExtensibilityGlobals) = postSolution
		SolutionGuid = {14EE4343-412C-4B0E-9994-8EB896DEC4B0}
	EndGlobalSection
EndGlobal
